
Microsoft Visual Studio Solution File, Format Version 12.00
# Visual Studio Version 17
VisualStudioVersion = 17.6.33723.286
MinimumVisualStudioVersion = 10.0.40219.1
Project("{9A19103F-16F7-4668-BE54-9A1E7A4F7556}") = "ProEventos.API", "ProEventos.API.csproj", "{12AFCE65-06E7-47DD-AE91-91B7AE29193C}"
EndProject
Global
	GlobalSection(SolutionConfigurationPlatforms) = preSolution
		Debug|Any CPU = Debug|Any CPU
		Release|Any CPU = Release|Any CPU
	EndGlobalSection
	GlobalSection(ProjectConfigurationPlatforms) = postSolution
		{12AFCE65-06E7-47DD-AE91-91B7AE29193C}.Debug|Any CPU.ActiveCfg = Debug|Any CPU
		{12AFCE65-06E7-47DD-AE91-91B7AE29193C}.Debug|Any CPU.Build.0 = Debug|Any CPU
		{12AFCE65-06E7-47DD-AE91-91B7AE29193C}.Release|Any CPU.ActiveCfg = Release|Any CPU
		{12AFCE65-06E7-47DD-AE91-91B7AE29193C}.Release|Any CPU.Build.0 = Release|Any CPU
	EndGlobalSection
	GlobalSection(SolutionProperties) = preSolution
		HideSolutionNode = FALSE
	EndGlobalSection
	GlobalSection(ExtensibilityGlobals) = postSolution
		SolutionGuid = {06A3FACB-3255-48EC-B2A9-221B77D2242D}
	EndGlobalSection
EndGlobal
