
Microsoft Visual Studio Solution File, Format Version 12.00
# Visual Studio Version 17
VisualStudioVersion = 17.0.31903.59
MinimumVisualStudioVersion = 10.0.40219.1
Project("{FAE04EC0-301F-11D3-BF4B-00C04F79EFBC}") = "ProEventos.Application", "ProEventos.Application\ProEventos.Application.csproj", "{84AC3FB4-9437-4A78-BF7E-B9989F2EB2A8}"
EndProject
Project("{FAE04EC0-301F-11D3-BF4B-00C04F79EFBC}") = "ProEventos.Domain", "ProEventos.Domain\ProEventos.Domain.csproj", "{10A381A5-4F6E-449F-BACB-09E9050FD9B0}"
EndProject
Project("{FAE04EC0-301F-11D3-BF4B-00C04F79EFBC}") = "ProEventos.Persistence", "ProEventos.Persistence\ProEventos.Persistence.csproj", "{28083082-D2C3-495A-9128-2310E3318F61}"
EndProject
Project("{FAE04EC0-301F-11D3-BF4B-00C04F79EFBC}") = "ProEventos.API", "ProEventos.API\ProEventos.API.csproj", "{B6F99D9D-418F-484E-BD12-E22D6B138A59}"
EndProject
Global
	GlobalSection(SolutionConfigurationPlatforms) = preSolution
		Debug|Any CPU = Debug|Any CPU
		Release|Any CPU = Release|Any CPU
	EndGlobalSection
	GlobalSection(SolutionProperties) = preSolution
		HideSolutionNode = FALSE
	EndGlobalSection
	GlobalSection(ProjectConfigurationPlatforms) = postSolution
		{84AC3FB4-9437-4A78-BF7E-B9989F2EB2A8}.Debug|Any CPU.ActiveCfg = Debug|Any CPU
		{84AC3FB4-9437-4A78-BF7E-B9989F2EB2A8}.Debug|Any CPU.Build.0 = Debug|Any CPU
		{84AC3FB4-9437-4A78-BF7E-B9989F2EB2A8}.Release|Any CPU.ActiveCfg = Release|Any CPU
		{84AC3FB4-9437-4A78-BF7E-B9989F2EB2A8}.Release|Any CPU.Build.0 = Release|Any CPU
		{10A381A5-4F6E-449F-BACB-09E9050FD9B0}.Debug|Any CPU.ActiveCfg = Debug|Any CPU
		{10A381A5-4F6E-449F-BACB-09E9050FD9B0}.Debug|Any CPU.Build.0 = Debug|Any CPU
		{10A381A5-4F6E-449F-BACB-09E9050FD9B0}.Release|Any CPU.ActiveCfg = Release|Any CPU
		{10A381A5-4F6E-449F-BACB-09E9050FD9B0}.Release|Any CPU.Build.0 = Release|Any CPU
		{28083082-D2C3-495A-9128-2310E3318F61}.Debug|Any CPU.ActiveCfg = Debug|Any CPU
		{28083082-D2C3-495A-9128-2310E3318F61}.Debug|Any CPU.Build.0 = Debug|Any CPU
		{28083082-D2C3-495A-9128-2310E3318F61}.Release|Any CPU.ActiveCfg = Release|Any CPU
		{28083082-D2C3-495A-9128-2310E3318F61}.Release|Any CPU.Build.0 = Release|Any CPU
		{B6F99D9D-418F-484E-BD12-E22D6B138A59}.Debug|Any CPU.ActiveCfg = Debug|Any CPU
		{B6F99D9D-418F-484E-BD12-E22D6B138A59}.Debug|Any CPU.Build.0 = Debug|Any CPU
		{B6F99D9D-418F-484E-BD12-E22D6B138A59}.Release|Any CPU.ActiveCfg = Release|Any CPU
		{B6F99D9D-418F-484E-BD12-E22D6B138A59}.Release|Any CPU.Build.0 = Release|Any CPU
	EndGlobalSection
EndGlobal
